{
    "name": "xoros-distro",
    "version": "0.0.1",
    "lockfileVersion": 2,
    "requires": true,
    "packages": {
        "": {
            "name": "xoros-distro",
            "version": "0.0.1",
            "dependencies": {
                "node-reposync": "^0.0.5"
            }
        },
        "node_modules/node-reposync": {
            "version": "0.0.5",
            "resolved": "https://registry.npmjs.org/node-reposync/-/node-reposync-0.0.5.tgz",
            "integrity": "sha512-LAJfrZZ/oEeBBMdoZU3HIpwo0w3Y5kP7J8RW9xME1FjfF9yYiTCs3ex4Z1NWMX0pRSaK0V2kNK/VjmRLmoVC3g=="
        }
    },
    "dependencies": {
        "node-reposync": {
            "version": "0.0.5",
            "resolved": "https://registry.npmjs.org/node-reposync/-/node-reposync-0.0.5.tgz",
            "integrity": "sha512-LAJfrZZ/oEeBBMdoZU3HIpwo0w3Y5kP7J8RW9xME1FjfF9yYiTCs3ex4Z1NWMX0pRSaK0V2kNK/VjmRLmoVC3g=="
        }
    }
}
